
Microsoft Visual Studio Solution File, Format Version 12.00
# Visual Studio 14
VisualStudioVersion = 14.0.25420.1
MinimumVisualStudioVersion = 10.0.40219.1
Project("{FAE04EC0-301F-11D3-BF4B-00C04F79EFBC}") = "Sockets.Plugin", "Sockets\Sockets.Plugin\Sockets.Plugin.csproj", "{A6FCEF44-D2BA-42C7-B3CB-13667BCD7B54}"
EndProject
Project("{FAE04EC0-301F-11D3-BF4B-00C04F79EFBC}") = "Sockets.Plugin.Abstractions", "Sockets\Sockets.Plugin.Abstractions\Sockets.Plugin.Abstractions.csproj", "{6EDB0588-FFC5-4EF5-8A99-9E241D0F878D}"
EndProject
Project("{FAE04EC0-301F-11D3-BF4B-00C04F79EFBC}") = "Sockets.Plugin.Android", "Sockets\Sockets.Plugin.Android\Sockets.Plugin.Android.csproj", "{56A56F17-7DE1-4CA1-9617-BF32E971AC84}"
EndProject
Project("{FAE04EC0-301F-11D3-BF4B-00C04F79EFBC}") = "Sockets.Implementation.NET", "Sockets\Sockets.Implementation.NET\Sockets.Implementation.NET.csproj", "{29CE3F18-4038-4686-936D-AB164D5C8B74}"
EndProject
Project("{FAE04EC0-301F-11D3-BF4B-00C04F79EFBC}") = "Sockets.Plugin.WindowsDesktop", "Sockets\Sockets.Plugin.WindowsDesktop\Sockets.Plugin.WindowsDesktop.csproj", "{22FCB56B-DE2C-4B00-B86C-E2DEBCB45000}"
EndProject
Project("{2150E333-8FDC-42A3-9474-1A3956D46DE8}") = "Solution Items", "Solution Items", "{C3869148-95B1-4273-B098-CF60FB4FAC17}"
	ProjectSection(SolutionItems) = preProject
		CHANGELOG.md = CHANGELOG.md
		component.yaml = component.yaml
		Details.md = Details.md
		LICENSE.md = LICENSE.md
		README.md = README.md
		Sockets.Plugin.nuspec = Sockets.Plugin.nuspec
	EndProjectSection
EndProject
Project("{2150E333-8FDC-42A3-9474-1A3956D46DE8}") = "Tests", "Tests", "{8048C58C-EB2F-4BE2-BFD0-DE2DE04F710C}"
EndProject
Project("{FAE04EC0-301F-11D3-BF4B-00C04F79EFBC}") = "Sockets.Tests", "Sockets\Tests\Sockets.Tests\Sockets.Tests.csproj", "{44455B12-E32F-4367-84BC-F1D1A5677B97}"
EndProject
Project("{FAE04EC0-301F-11D3-BF4B-00C04F79EFBC}") = "Sockets.Tests.DroidRunner", "Sockets\Tests\Sockets.Tests.DroidRunner\Sockets.Tests.DroidRunner.csproj", "{B059BD20-E2F7-4AB9-AC7A-28222A2D4565}"
EndProject
Project("{FAE04EC0-301F-11D3-BF4B-00C04F79EFBC}") = "Sockets.Tests.NET", "Sockets\Tests\Sockets.Tests.NET\Sockets.Tests.NET.csproj", "{FC72B115-540A-4A41-AE5B-7A895712FADC}"
EndProject
Global
	GlobalSection(SolutionConfigurationPlatforms) = preSolution
		Ad-Hoc|Any CPU = Ad-Hoc|Any CPU
		Ad-Hoc|ARM = Ad-Hoc|ARM
		Ad-Hoc|iPhone = Ad-Hoc|iPhone
		Ad-Hoc|iPhoneSimulator = Ad-Hoc|iPhoneSimulator
		Ad-Hoc|Mixed Platforms = Ad-Hoc|Mixed Platforms
		Ad-Hoc|x64 = Ad-Hoc|x64
		Ad-Hoc|x86 = Ad-Hoc|x86
		AppStore|Any CPU = AppStore|Any CPU
		AppStore|ARM = AppStore|ARM
		AppStore|iPhone = AppStore|iPhone
		AppStore|iPhoneSimulator = AppStore|iPhoneSimulator
		AppStore|Mixed Platforms = AppStore|Mixed Platforms
		AppStore|x64 = AppStore|x64
		AppStore|x86 = AppStore|x86
		Debug|Any CPU = Debug|Any CPU
		Debug|ARM = Debug|ARM
		Debug|iPhone = Debug|iPhone
		Debug|iPhoneSimulator = Debug|iPhoneSimulator
		Debug|Mixed Platforms = Debug|Mixed Platforms
		Debug|x64 = Debug|x64
		Debug|x86 = Debug|x86
		Release|Any CPU = Release|Any CPU
		Release|ARM = Release|ARM
		Release|iPhone = Release|iPhone
		Release|iPhoneSimulator = Release|iPhoneSimulator
		Release|Mixed Platforms = Release|Mixed Platforms
		Release|x64 = Release|x64
		Release|x86 = Release|x86
	EndGlobalSection
	GlobalSection(ProjectConfigurationPlatforms) = postSolution
		{A6FCEF44-D2BA-42C7-B3CB-13667BCD7B54}.Ad-Hoc|Any CPU.ActiveCfg = Release|Any CPU
		{A6FCEF44-D2BA-42C7-B3CB-13667BCD7B54}.Ad-Hoc|Any CPU.Build.0 = Release|Any CPU
		{A6FCEF44-D2BA-42C7-B3CB-13667BCD7B54}.Ad-Hoc|ARM.ActiveCfg = Release|Any CPU
		{A6FCEF44-D2BA-42C7-B3CB-13667BCD7B54}.Ad-Hoc|iPhone.ActiveCfg = Release|Any CPU
		{A6FCEF44-D2BA-42C7-B3CB-13667BCD7B54}.Ad-Hoc|iPhoneSimulator.ActiveCfg = Release|Any CPU
		{A6FCEF44-D2BA-42C7-B3CB-13667BCD7B54}.Ad-Hoc|Mixed Platforms.ActiveCfg = Release|Any CPU
		{A6FCEF44-D2BA-42C7-B3CB-13667BCD7B54}.Ad-Hoc|Mixed Platforms.Build.0 = Release|Any CPU
		{A6FCEF44-D2BA-42C7-B3CB-13667BCD7B54}.Ad-Hoc|x64.ActiveCfg = Release|Any CPU
		{A6FCEF44-D2BA-42C7-B3CB-13667BCD7B54}.Ad-Hoc|x86.ActiveCfg = Release|Any CPU
		{A6FCEF44-D2BA-42C7-B3CB-13667BCD7B54}.AppStore|Any CPU.ActiveCfg = Release|Any CPU
		{A6FCEF44-D2BA-42C7-B3CB-13667BCD7B54}.AppStore|Any CPU.Build.0 = Release|Any CPU
		{A6FCEF44-D2BA-42C7-B3CB-13667BCD7B54}.AppStore|ARM.ActiveCfg = Release|Any CPU
		{A6FCEF44-D2BA-42C7-B3CB-13667BCD7B54}.AppStore|iPhone.ActiveCfg = Release|Any CPU
		{A6FCEF44-D2BA-42C7-B3CB-13667BCD7B54}.AppStore|iPhoneSimulator.ActiveCfg = Release|Any CPU
		{A6FCEF44-D2BA-42C7-B3CB-13667BCD7B54}.AppStore|Mixed Platforms.ActiveCfg = Release|Any CPU
		{A6FCEF44-D2BA-42C7-B3CB-13667BCD7B54}.AppStore|Mixed Platforms.Build.0 = Release|Any CPU
		{A6FCEF44-D2BA-42C7-B3CB-13667BCD7B54}.AppStore|x64.ActiveCfg = Release|Any CPU
		{A6FCEF44-D2BA-42C7-B3CB-13667BCD7B54}.AppStore|x86.ActiveCfg = Release|Any CPU
		{A6FCEF44-D2BA-42C7-B3CB-13667BCD7B54}.Debug|Any CPU.ActiveCfg = Debug|Any CPU
		{A6FCEF44-D2BA-42C7-B3CB-13667BCD7B54}.Debug|Any CPU.Build.0 = Debug|Any CPU
		{A6FCEF44-D2BA-42C7-B3CB-13667BCD7B54}.Debug|ARM.ActiveCfg = Debug|Any CPU
		{A6FCEF44-D2BA-42C7-B3CB-13667BCD7B54}.Debug|iPhone.ActiveCfg = Debug|Any CPU
		{A6FCEF44-D2BA-42C7-B3CB-13667BCD7B54}.Debug|iPhoneSimulator.ActiveCfg = Debug|Any CPU
		{A6FCEF44-D2BA-42C7-B3CB-13667BCD7B54}.Debug|Mixed Platforms.ActiveCfg = Debug|Any CPU
		{A6FCEF44-D2BA-42C7-B3CB-13667BCD7B54}.Debug|Mixed Platforms.Build.0 = Debug|Any CPU
		{A6FCEF44-D2BA-42C7-B3CB-13667BCD7B54}.Debug|x64.ActiveCfg = Debug|Any CPU
		{A6FCEF44-D2BA-42C7-B3CB-13667BCD7B54}.Debug|x86.ActiveCfg = Debug|Any CPU
		{A6FCEF44-D2BA-42C7-B3CB-13667BCD7B54}.Release|Any CPU.ActiveCfg = Release|Any CPU
		{A6FCEF44-D2BA-42C7-B3CB-13667BCD7B54}.Release|Any CPU.Build.0 = Release|Any CPU
		{A6FCEF44-D2BA-42C7-B3CB-13667BCD7B54}.Release|ARM.ActiveCfg = Release|Any CPU
		{A6FCEF44-D2BA-42C7-B3CB-13667BCD7B54}.Release|iPhone.ActiveCfg = Release|Any CPU
		{A6FCEF44-D2BA-42C7-B3CB-13667BCD7B54}.Release|iPhoneSimulator.ActiveCfg = Release|Any CPU
		{A6FCEF44-D2BA-42C7-B3CB-13667BCD7B54}.Release|iPhoneSimulator.Build.0 = Release|Any CPU
		{A6FCEF44-D2BA-42C7-B3CB-13667BCD7B54}.Release|Mixed Platforms.ActiveCfg = Release|Any CPU
		{A6FCEF44-D2BA-42C7-B3CB-13667BCD7B54}.Release|Mixed Platforms.Build.0 = Release|Any CPU
		{A6FCEF44-D2BA-42C7-B3CB-13667BCD7B54}.Release|x64.ActiveCfg = Release|Any CPU
		{A6FCEF44-D2BA-42C7-B3CB-13667BCD7B54}.Release|x86.ActiveCfg = Release|Any CPU
		{6EDB0588-FFC5-4EF5-8A99-9E241D0F878D}.Ad-Hoc|Any CPU.ActiveCfg = Release|Any CPU
		{6EDB0588-FFC5-4EF5-8A99-9E241D0F878D}.Ad-Hoc|Any CPU.Build.0 = Release|Any CPU
		{6EDB0588-FFC5-4EF5-8A99-9E241D0F878D}.Ad-Hoc|ARM.ActiveCfg = Release|Any CPU
		{6EDB0588-FFC5-4EF5-8A99-9E241D0F878D}.Ad-Hoc|iPhone.ActiveCfg = Release|Any CPU
		{6EDB0588-FFC5-4EF5-8A99-9E241D0F878D}.Ad-Hoc|iPhoneSimulator.ActiveCfg = Release|Any CPU
		{6EDB0588-FFC5-4EF5-8A99-9E241D0F878D}.Ad-Hoc|Mixed Platforms.ActiveCfg = Release|Any CPU
		{6EDB0588-FFC5-4EF5-8A99-9E241D0F878D}.Ad-Hoc|Mixed Platforms.Build.0 = Release|Any CPU
		{6EDB0588-FFC5-4EF5-8A99-9E241D0F878D}.Ad-Hoc|x64.ActiveCfg = Release|Any CPU
		{6EDB0588-FFC5-4EF5-8A99-9E241D0F878D}.Ad-Hoc|x86.ActiveCfg = Release|Any CPU
		{6EDB0588-FFC5-4EF5-8A99-9E241D0F878D}.AppStore|Any CPU.ActiveCfg = Release|Any CPU
		{6EDB0588-FFC5-4EF5-8A99-9E241D0F878D}.AppStore|Any CPU.Build.0 = Release|Any CPU
		{6EDB0588-FFC5-4EF5-8A99-9E241D0F878D}.AppStore|ARM.ActiveCfg = Release|Any CPU
		{6EDB0588-FFC5-4EF5-8A99-9E241D0F878D}.AppStore|iPhone.ActiveCfg = Release|Any CPU
		{6EDB0588-FFC5-4EF5-8A99-9E241D0F878D}.AppStore|iPhoneSimulator.ActiveCfg = Release|Any CPU
		{6EDB0588-FFC5-4EF5-8A99-9E241D0F878D}.AppStore|Mixed Platforms.ActiveCfg = Release|Any CPU
		{6EDB0588-FFC5-4EF5-8A99-9E241D0F878D}.AppStore|Mixed Platforms.Build.0 = Release|Any CPU
		{6EDB0588-FFC5-4EF5-8A99-9E241D0F878D}.AppStore|x64.ActiveCfg = Release|Any CPU
		{6EDB0588-FFC5-4EF5-8A99-9E241D0F878D}.AppStore|x86.ActiveCfg = Release|Any CPU
		{6EDB0588-FFC5-4EF5-8A99-9E241D0F878D}.Debug|Any CPU.ActiveCfg = Debug|Any CPU
		{6EDB0588-FFC5-4EF5-8A99-9E241D0F878D}.Debug|Any CPU.Build.0 = Debug|Any CPU
		{6EDB0588-FFC5-4EF5-8A99-9E241D0F878D}.Debug|ARM.ActiveCfg = Debug|Any CPU
		{6EDB0588-FFC5-4EF5-8A99-9E241D0F878D}.Debug|iPhone.ActiveCfg = Debug|Any CPU
		{6EDB0588-FFC5-4EF5-8A99-9E241D0F878D}.Debug|iPhoneSimulator.ActiveCfg = Debug|Any CPU
		{6EDB0588-FFC5-4EF5-8A99-9E241D0F878D}.Debug|Mixed Platforms.ActiveCfg = Debug|Any CPU
		{6EDB0588-FFC5-4EF5-8A99-9E241D0F878D}.Debug|Mixed Platforms.Build.0 = Debug|Any CPU
		{6EDB0588-FFC5-4EF5-8A99-9E241D0F878D}.Debug|x64.ActiveCfg = Debug|Any CPU
		{6EDB0588-FFC5-4EF5-8A99-9E241D0F878D}.Debug|x86.ActiveCfg = Debug|Any CPU
		{6EDB0588-FFC5-4EF5-8A99-9E241D0F878D}.Release|Any CPU.ActiveCfg = Release|Any CPU
		{6EDB0588-FFC5-4EF5-8A99-9E241D0F878D}.Release|Any CPU.Build.0 = Release|Any CPU
		{6EDB0588-FFC5-4EF5-8A99-9E241D0F878D}.Release|ARM.ActiveCfg = Release|Any CPU
		{6EDB0588-FFC5-4EF5-8A99-9E241D0F878D}.Release|iPhone.ActiveCfg = Release|Any CPU
		{6EDB0588-FFC5-4EF5-8A99-9E241D0F878D}.Release|iPhoneSimulator.ActiveCfg = Release|Any CPU
		{6EDB0588-FFC5-4EF5-8A99-9E241D0F878D}.Release|iPhoneSimulator.Build.0 = Release|Any CPU
		{6EDB0588-FFC5-4EF5-8A99-9E241D0F878D}.Release|Mixed Platforms.ActiveCfg = Release|Any CPU
		{6EDB0588-FFC5-4EF5-8A99-9E241D0F878D}.Release|Mixed Platforms.Build.0 = Release|Any CPU
		{6EDB0588-FFC5-4EF5-8A99-9E241D0F878D}.Release|x64.ActiveCfg = Release|Any CPU
		{6EDB0588-FFC5-4EF5-8A99-9E241D0F878D}.Release|x86.ActiveCfg = Release|Any CPU
		{56A56F17-7DE1-4CA1-9617-BF32E971AC84}.Ad-Hoc|Any CPU.ActiveCfg = Release|Any CPU
		{56A56F17-7DE1-4CA1-9617-BF32E971AC84}.Ad-Hoc|Any CPU.Build.0 = Release|Any CPU
		{56A56F17-7DE1-4CA1-9617-BF32E971AC84}.Ad-Hoc|ARM.ActiveCfg = Release|Any CPU
		{56A56F17-7DE1-4CA1-9617-BF32E971AC84}.Ad-Hoc|iPhone.ActiveCfg = Release|Any CPU
		{56A56F17-7DE1-4CA1-9617-BF32E971AC84}.Ad-Hoc|iPhoneSimulator.ActiveCfg = Release|Any CPU
		{56A56F17-7DE1-4CA1-9617-BF32E971AC84}.Ad-Hoc|Mixed Platforms.ActiveCfg = Release|Any CPU
		{56A56F17-7DE1-4CA1-9617-BF32E971AC84}.Ad-Hoc|Mixed Platforms.Build.0 = Release|Any CPU
		{56A56F17-7DE1-4CA1-9617-BF32E971AC84}.Ad-Hoc|x64.ActiveCfg = Release|Any CPU
		{56A56F17-7DE1-4CA1-9617-BF32E971AC84}.Ad-Hoc|x86.ActiveCfg = Release|Any CPU
		{56A56F17-7DE1-4CA1-9617-BF32E971AC84}.AppStore|Any CPU.ActiveCfg = Release|Any CPU
		{56A56F17-7DE1-4CA1-9617-BF32E971AC84}.AppStore|Any CPU.Build.0 = Release|Any CPU
		{56A56F17-7DE1-4CA1-9617-BF32E971AC84}.AppStore|ARM.ActiveCfg = Release|Any CPU
		{56A56F17-7DE1-4CA1-9617-BF32E971AC84}.AppStore|iPhone.ActiveCfg = Release|Any CPU
		{56A56F17-7DE1-4CA1-9617-BF32E971AC84}.AppStore|iPhoneSimulator.ActiveCfg = Release|Any CPU
		{56A56F17-7DE1-4CA1-9617-BF32E971AC84}.AppStore|Mixed Platforms.ActiveCfg = Release|Any CPU
		{56A56F17-7DE1-4CA1-9617-BF32E971AC84}.AppStore|Mixed Platforms.Build.0 = Release|Any CPU
		{56A56F17-7DE1-4CA1-9617-BF32E971AC84}.AppStore|x64.ActiveCfg = Release|Any CPU
		{56A56F17-7DE1-4CA1-9617-BF32E971AC84}.AppStore|x86.ActiveCfg = Release|Any CPU
		{56A56F17-7DE1-4CA1-9617-BF32E971AC84}.Debug|Any CPU.ActiveCfg = Debug|Any CPU
		{56A56F17-7DE1-4CA1-9617-BF32E971AC84}.Debug|Any CPU.Build.0 = Debug|Any CPU
		{56A56F17-7DE1-4CA1-9617-BF32E971AC84}.Debug|ARM.ActiveCfg = Debug|Any CPU
		{56A56F17-7DE1-4CA1-9617-BF32E971AC84}.Debug|iPhone.ActiveCfg = Debug|Any CPU
		{56A56F17-7DE1-4CA1-9617-BF32E971AC84}.Debug|iPhoneSimulator.ActiveCfg = Debug|Any CPU
		{56A56F17-7DE1-4CA1-9617-BF32E971AC84}.Debug|Mixed Platforms.ActiveCfg = Debug|Any CPU
		{56A56F17-7DE1-4CA1-9617-BF32E971AC84}.Debug|Mixed Platforms.Build.0 = Debug|Any CPU
		{56A56F17-7DE1-4CA1-9617-BF32E971AC84}.Debug|x64.ActiveCfg = Debug|Any CPU
		{56A56F17-7DE1-4CA1-9617-BF32E971AC84}.Debug|x86.ActiveCfg = Debug|Any CPU
		{56A56F17-7DE1-4CA1-9617-BF32E971AC84}.Release|Any CPU.ActiveCfg = Release|Any CPU
		{56A56F17-7DE1-4CA1-9617-BF32E971AC84}.Release|Any CPU.Build.0 = Release|Any CPU
		{56A56F17-7DE1-4CA1-9617-BF32E971AC84}.Release|ARM.ActiveCfg = Release|Any CPU
		{56A56F17-7DE1-4CA1-9617-BF32E971AC84}.Release|iPhone.ActiveCfg = Release|Any CPU
		{56A56F17-7DE1-4CA1-9617-BF32E971AC84}.Release|iPhoneSimulator.ActiveCfg = Release|Any CPU
		{56A56F17-7DE1-4CA1-9617-BF32E971AC84}.Release|iPhoneSimulator.Build.0 = Release|Any CPU
		{56A56F17-7DE1-4CA1-9617-BF32E971AC84}.Release|Mixed Platforms.ActiveCfg = Release|Any CPU
		{56A56F17-7DE1-4CA1-9617-BF32E971AC84}.Release|Mixed Platforms.Build.0 = Release|Any CPU
		{56A56F17-7DE1-4CA1-9617-BF32E971AC84}.Release|x64.ActiveCfg = Release|Any CPU
		{56A56F17-7DE1-4CA1-9617-BF32E971AC84}.Release|x86.ActiveCfg = Release|Any CPU
		{29CE3F18-4038-4686-936D-AB164D5C8B74}.Ad-Hoc|Any CPU.ActiveCfg = Release|Any CPU
		{29CE3F18-4038-4686-936D-AB164D5C8B74}.Ad-Hoc|Any CPU.Build.0 = Release|Any CPU
		{29CE3F18-4038-4686-936D-AB164D5C8B74}.Ad-Hoc|ARM.ActiveCfg = Release|Any CPU
		{29CE3F18-4038-4686-936D-AB164D5C8B74}.Ad-Hoc|iPhone.ActiveCfg = Release|Any CPU
		{29CE3F18-4038-4686-936D-AB164D5C8B74}.Ad-Hoc|iPhoneSimulator.ActiveCfg = Release|Any CPU
		{29CE3F18-4038-4686-936D-AB164D5C8B74}.Ad-Hoc|Mixed Platforms.ActiveCfg = Release|Any CPU
		{29CE3F18-4038-4686-936D-AB164D5C8B74}.Ad-Hoc|Mixed Platforms.Build.0 = Release|Any CPU
		{29CE3F18-4038-4686-936D-AB164D5C8B74}.Ad-Hoc|x64.ActiveCfg = Release|Any CPU
		{29CE3F18-4038-4686-936D-AB164D5C8B74}.Ad-Hoc|x86.ActiveCfg = Release|Any CPU
		{29CE3F18-4038-4686-936D-AB164D5C8B74}.AppStore|Any CPU.ActiveCfg = Release|Any CPU
		{29CE3F18-4038-4686-936D-AB164D5C8B74}.AppStore|Any CPU.Build.0 = Release|Any CPU
		{29CE3F18-4038-4686-936D-AB164D5C8B74}.AppStore|ARM.ActiveCfg = Release|Any CPU
		{29CE3F18-4038-4686-936D-AB164D5C8B74}.AppStore|iPhone.ActiveCfg = Release|Any CPU
		{29CE3F18-4038-4686-936D-AB164D5C8B74}.AppStore|iPhoneSimulator.ActiveCfg = Release|Any CPU
		{29CE3F18-4038-4686-936D-AB164D5C8B74}.AppStore|Mixed Platforms.ActiveCfg = Release|Any CPU
		{29CE3F18-4038-4686-936D-AB164D5C8B74}.AppStore|Mixed Platforms.Build.0 = Release|Any CPU
		{29CE3F18-4038-4686-936D-AB164D5C8B74}.AppStore|x64.ActiveCfg = Release|Any CPU
		{29CE3F18-4038-4686-936D-AB164D5C8B74}.AppStore|x86.ActiveCfg = Release|Any CPU
		{29CE3F18-4038-4686-936D-AB164D5C8B74}.Debug|Any CPU.ActiveCfg = Debug|Any CPU
		{29CE3F18-4038-4686-936D-AB164D5C8B74}.Debug|Any CPU.Build.0 = Debug|Any CPU
		{29CE3F18-4038-4686-936D-AB164D5C8B74}.Debug|ARM.ActiveCfg = Debug|Any CPU
		{29CE3F18-4038-4686-936D-AB164D5C8B74}.Debug|iPhone.ActiveCfg = Debug|Any CPU
		{29CE3F18-4038-4686-936D-AB164D5C8B74}.Debug|iPhoneSimulator.ActiveCfg = Debug|Any CPU
		{29CE3F18-4038-4686-936D-AB164D5C8B74}.Debug|Mixed Platforms.ActiveCfg = Debug|Any CPU
		{29CE3F18-4038-4686-936D-AB164D5C8B74}.Debug|Mixed Platforms.Build.0 = Debug|Any CPU
		{29CE3F18-4038-4686-936D-AB164D5C8B74}.Debug|x64.ActiveCfg = Debug|Any CPU
		{29CE3F18-4038-4686-936D-AB164D5C8B74}.Debug|x86.ActiveCfg = Debug|Any CPU
		{29CE3F18-4038-4686-936D-AB164D5C8B74}.Release|Any CPU.ActiveCfg = Release|Any CPU
		{29CE3F18-4038-4686-936D-AB164D5C8B74}.Release|Any CPU.Build.0 = Release|Any CPU
		{29CE3F18-4038-4686-936D-AB164D5C8B74}.Release|ARM.ActiveCfg = Release|Any CPU
		{29CE3F18-4038-4686-936D-AB164D5C8B74}.Release|iPhone.ActiveCfg = Release|Any CPU
		{29CE3F18-4038-4686-936D-AB164D5C8B74}.Release|iPhoneSimulator.ActiveCfg = Release|Any CPU
		{29CE3F18-4038-4686-936D-AB164D5C8B74}.Release|iPhoneSimulator.Build.0 = Release|Any CPU
		{29CE3F18-4038-4686-936D-AB164D5C8B74}.Release|Mixed Platforms.ActiveCfg = Release|Any CPU
		{29CE3F18-4038-4686-936D-AB164D5C8B74}.Release|Mixed Platforms.Build.0 = Release|Any CPU
		{29CE3F18-4038-4686-936D-AB164D5C8B74}.Release|x64.ActiveCfg = Release|Any CPU
		{29CE3F18-4038-4686-936D-AB164D5C8B74}.Release|x86.ActiveCfg = Release|Any CPU
		{22FCB56B-DE2C-4B00-B86C-E2DEBCB45000}.Ad-Hoc|Any CPU.ActiveCfg = Release|Any CPU
		{22FCB56B-DE2C-4B00-B86C-E2DEBCB45000}.Ad-Hoc|Any CPU.Build.0 = Release|Any CPU
		{22FCB56B-DE2C-4B00-B86C-E2DEBCB45000}.Ad-Hoc|ARM.ActiveCfg = Release|Any CPU
		{22FCB56B-DE2C-4B00-B86C-E2DEBCB45000}.Ad-Hoc|iPhone.ActiveCfg = Release|Any CPU
		{22FCB56B-DE2C-4B00-B86C-E2DEBCB45000}.Ad-Hoc|iPhoneSimulator.ActiveCfg = Release|Any CPU
		{22FCB56B-DE2C-4B00-B86C-E2DEBCB45000}.Ad-Hoc|Mixed Platforms.ActiveCfg = Release|Any CPU
		{22FCB56B-DE2C-4B00-B86C-E2DEBCB45000}.Ad-Hoc|Mixed Platforms.Build.0 = Release|Any CPU
		{22FCB56B-DE2C-4B00-B86C-E2DEBCB45000}.Ad-Hoc|x64.ActiveCfg = Release|Any CPU
		{22FCB56B-DE2C-4B00-B86C-E2DEBCB45000}.Ad-Hoc|x86.ActiveCfg = Release|Any CPU
		{22FCB56B-DE2C-4B00-B86C-E2DEBCB45000}.AppStore|Any CPU.ActiveCfg = Release|Any CPU
		{22FCB56B-DE2C-4B00-B86C-E2DEBCB45000}.AppStore|Any CPU.Build.0 = Release|Any CPU
		{22FCB56B-DE2C-4B00-B86C-E2DEBCB45000}.AppStore|ARM.ActiveCfg = Release|Any CPU
		{22FCB56B-DE2C-4B00-B86C-E2DEBCB45000}.AppStore|iPhone.ActiveCfg = Release|Any CPU
		{22FCB56B-DE2C-4B00-B86C-E2DEBCB45000}.AppStore|iPhoneSimulator.ActiveCfg = Release|Any CPU
		{22FCB56B-DE2C-4B00-B86C-E2DEBCB45000}.AppStore|Mixed Platforms.ActiveCfg = Release|Any CPU
		{22FCB56B-DE2C-4B00-B86C-E2DEBCB45000}.AppStore|Mixed Platforms.Build.0 = Release|Any CPU
		{22FCB56B-DE2C-4B00-B86C-E2DEBCB45000}.AppStore|x64.ActiveCfg = Release|Any CPU
		{22FCB56B-DE2C-4B00-B86C-E2DEBCB45000}.AppStore|x86.ActiveCfg = Release|Any CPU
		{22FCB56B-DE2C-4B00-B86C-E2DEBCB45000}.Debug|Any CPU.ActiveCfg = Debug|Any CPU
		{22FCB56B-DE2C-4B00-B86C-E2DEBCB45000}.Debug|Any CPU.Build.0 = Debug|Any CPU
		{22FCB56B-DE2C-4B00-B86C-E2DEBCB45000}.Debug|ARM.ActiveCfg = Debug|Any CPU
		{22FCB56B-DE2C-4B00-B86C-E2DEBCB45000}.Debug|iPhone.ActiveCfg = Debug|Any CPU
		{22FCB56B-DE2C-4B00-B86C-E2DEBCB45000}.Debug|iPhoneSimulator.ActiveCfg = Debug|Any CPU
		{22FCB56B-DE2C-4B00-B86C-E2DEBCB45000}.Debug|Mixed Platforms.ActiveCfg = Debug|Any CPU
		{22FCB56B-DE2C-4B00-B86C-E2DEBCB45000}.Debug|Mixed Platforms.Build.0 = Debug|Any CPU
		{22FCB56B-DE2C-4B00-B86C-E2DEBCB45000}.Debug|x64.ActiveCfg = Debug|Any CPU
		{22FCB56B-DE2C-4B00-B86C-E2DEBCB45000}.Debug|x86.ActiveCfg = Debug|Any CPU
		{22FCB56B-DE2C-4B00-B86C-E2DEBCB45000}.Release|Any CPU.ActiveCfg = Release|Any CPU
		{22FCB56B-DE2C-4B00-B86C-E2DEBCB45000}.Release|Any CPU.Build.0 = Release|Any CPU
		{22FCB56B-DE2C-4B00-B86C-E2DEBCB45000}.Release|ARM.ActiveCfg = Release|Any CPU
		{22FCB56B-DE2C-4B00-B86C-E2DEBCB45000}.Release|iPhone.ActiveCfg = Release|Any CPU
		{22FCB56B-DE2C-4B00-B86C-E2DEBCB45000}.Release|iPhoneSimulator.ActiveCfg = Release|Any CPU
		{22FCB56B-DE2C-4B00-B86C-E2DEBCB45000}.Release|iPhoneSimulator.Build.0 = Release|Any CPU
		{22FCB56B-DE2C-4B00-B86C-E2DEBCB45000}.Release|Mixed Platforms.ActiveCfg = Release|Any CPU
		{22FCB56B-DE2C-4B00-B86C-E2DEBCB45000}.Release|Mixed Platforms.Build.0 = Release|Any CPU
		{22FCB56B-DE2C-4B00-B86C-E2DEBCB45000}.Release|x64.ActiveCfg = Release|Any CPU
		{22FCB56B-DE2C-4B00-B86C-E2DEBCB45000}.Release|x86.ActiveCfg = Release|Any CPU
		{44455B12-E32F-4367-84BC-F1D1A5677B97}.Ad-Hoc|Any CPU.ActiveCfg = Release|Any CPU
		{44455B12-E32F-4367-84BC-F1D1A5677B97}.Ad-Hoc|Any CPU.Build.0 = Release|Any CPU
		{44455B12-E32F-4367-84BC-F1D1A5677B97}.Ad-Hoc|ARM.ActiveCfg = Release|Any CPU
		{44455B12-E32F-4367-84BC-F1D1A5677B97}.Ad-Hoc|ARM.Build.0 = Release|Any CPU
		{44455B12-E32F-4367-84BC-F1D1A5677B97}.Ad-Hoc|iPhone.ActiveCfg = Release|Any CPU
		{44455B12-E32F-4367-84BC-F1D1A5677B97}.Ad-Hoc|iPhone.Build.0 = Release|Any CPU
		{44455B12-E32F-4367-84BC-F1D1A5677B97}.Ad-Hoc|iPhoneSimulator.ActiveCfg = Release|Any CPU
		{44455B12-E32F-4367-84BC-F1D1A5677B97}.Ad-Hoc|iPhoneSimulator.Build.0 = Release|Any CPU
		{44455B12-E32F-4367-84BC-F1D1A5677B97}.Ad-Hoc|Mixed Platforms.ActiveCfg = Release|Any CPU
		{44455B12-E32F-4367-84BC-F1D1A5677B97}.Ad-Hoc|Mixed Platforms.Build.0 = Release|Any CPU
		{44455B12-E32F-4367-84BC-F1D1A5677B97}.Ad-Hoc|x64.ActiveCfg = Release|Any CPU
		{44455B12-E32F-4367-84BC-F1D1A5677B97}.Ad-Hoc|x64.Build.0 = Release|Any CPU
		{44455B12-E32F-4367-84BC-F1D1A5677B97}.Ad-Hoc|x86.ActiveCfg = Release|Any CPU
		{44455B12-E32F-4367-84BC-F1D1A5677B97}.Ad-Hoc|x86.Build.0 = Release|Any CPU
		{44455B12-E32F-4367-84BC-F1D1A5677B97}.AppStore|Any CPU.ActiveCfg = Release|Any CPU
		{44455B12-E32F-4367-84BC-F1D1A5677B97}.AppStore|Any CPU.Build.0 = Release|Any CPU
		{44455B12-E32F-4367-84BC-F1D1A5677B97}.AppStore|ARM.ActiveCfg = Release|Any CPU
		{44455B12-E32F-4367-84BC-F1D1A5677B97}.AppStore|ARM.Build.0 = Release|Any CPU
		{44455B12-E32F-4367-84BC-F1D1A5677B97}.AppStore|iPhone.ActiveCfg = Release|Any CPU
		{44455B12-E32F-4367-84BC-F1D1A5677B97}.AppStore|iPhone.Build.0 = Release|Any CPU
		{44455B12-E32F-4367-84BC-F1D1A5677B97}.AppStore|iPhoneSimulator.ActiveCfg = Release|Any CPU
		{44455B12-E32F-4367-84BC-F1D1A5677B97}.AppStore|iPhoneSimulator.Build.0 = Release|Any CPU
		{44455B12-E32F-4367-84BC-F1D1A5677B97}.AppStore|Mixed Platforms.ActiveCfg = Release|Any CPU
		{44455B12-E32F-4367-84BC-F1D1A5677B97}.AppStore|Mixed Platforms.Build.0 = Release|Any CPU
		{44455B12-E32F-4367-84BC-F1D1A5677B97}.AppStore|x64.ActiveCfg = Release|Any CPU
		{44455B12-E32F-4367-84BC-F1D1A5677B97}.AppStore|x64.Build.0 = Release|Any CPU
		{44455B12-E32F-4367-84BC-F1D1A5677B97}.AppStore|x86.ActiveCfg = Release|Any CPU
		{44455B12-E32F-4367-84BC-F1D1A5677B97}.AppStore|x86.Build.0 = Release|Any CPU
		{44455B12-E32F-4367-84BC-F1D1A5677B97}.Debug|Any CPU.ActiveCfg = Debug|Any CPU
		{44455B12-E32F-4367-84BC-F1D1A5677B97}.Debug|Any CPU.Build.0 = Debug|Any CPU
		{44455B12-E32F-4367-84BC-F1D1A5677B97}.Debug|ARM.ActiveCfg = Debug|Any CPU
		{44455B12-E32F-4367-84BC-F1D1A5677B97}.Debug|ARM.Build.0 = Debug|Any CPU
		{44455B12-E32F-4367-84BC-F1D1A5677B97}.Debug|iPhone.ActiveCfg = Debug|Any CPU
		{44455B12-E32F-4367-84BC-F1D1A5677B97}.Debug|iPhone.Build.0 = Debug|Any CPU
		{44455B12-E32F-4367-84BC-F1D1A5677B97}.Debug|iPhoneSimulator.ActiveCfg = Debug|Any CPU
		{44455B12-E32F-4367-84BC-F1D1A5677B97}.Debug|iPhoneSimulator.Build.0 = Debug|Any CPU
		{44455B12-E32F-4367-84BC-F1D1A5677B97}.Debug|Mixed Platforms.ActiveCfg = Debug|Any CPU
		{44455B12-E32F-4367-84BC-F1D1A5677B97}.Debug|Mixed Platforms.Build.0 = Debug|Any CPU
		{44455B12-E32F-4367-84BC-F1D1A5677B97}.Debug|x64.ActiveCfg = Debug|Any CPU
		{44455B12-E32F-4367-84BC-F1D1A5677B97}.Debug|x64.Build.0 = Debug|Any CPU
		{44455B12-E32F-4367-84BC-F1D1A5677B97}.Debug|x86.ActiveCfg = Debug|Any CPU
		{44455B12-E32F-4367-84BC-F1D1A5677B97}.Debug|x86.Build.0 = Debug|Any CPU
		{44455B12-E32F-4367-84BC-F1D1A5677B97}.Release|Any CPU.ActiveCfg = Release|Any CPU
		{44455B12-E32F-4367-84BC-F1D1A5677B97}.Release|Any CPU.Build.0 = Release|Any CPU
		{44455B12-E32F-4367-84BC-F1D1A5677B97}.Release|ARM.ActiveCfg = Release|Any CPU
		{44455B12-E32F-4367-84BC-F1D1A5677B97}.Release|ARM.Build.0 = Release|Any CPU
		{44455B12-E32F-4367-84BC-F1D1A5677B97}.Release|iPhone.ActiveCfg = Release|Any CPU
		{44455B12-E32F-4367-84BC-F1D1A5677B97}.Release|iPhone.Build.0 = Release|Any CPU
		{44455B12-E32F-4367-84BC-F1D1A5677B97}.Release|iPhoneSimulator.ActiveCfg = Release|Any CPU
		{44455B12-E32F-4367-84BC-F1D1A5677B97}.Release|iPhoneSimulator.Build.0 = Release|Any CPU
		{44455B12-E32F-4367-84BC-F1D1A5677B97}.Release|iPhoneSimulator.Deploy.0 = Release|Any CPU
		{44455B12-E32F-4367-84BC-F1D1A5677B97}.Release|Mixed Platforms.ActiveCfg = Release|Any CPU
		{44455B12-E32F-4367-84BC-F1D1A5677B97}.Release|Mixed Platforms.Build.0 = Release|Any CPU
		{44455B12-E32F-4367-84BC-F1D1A5677B97}.Release|x64.ActiveCfg = Release|Any CPU
		{44455B12-E32F-4367-84BC-F1D1A5677B97}.Release|x64.Build.0 = Release|Any CPU
		{44455B12-E32F-4367-84BC-F1D1A5677B97}.Release|x86.ActiveCfg = Release|Any CPU
		{44455B12-E32F-4367-84BC-F1D1A5677B97}.Release|x86.Build.0 = Release|Any CPU
		{B059BD20-E2F7-4AB9-AC7A-28222A2D4565}.Ad-Hoc|Any CPU.ActiveCfg = Release|Any CPU
		{B059BD20-E2F7-4AB9-AC7A-28222A2D4565}.Ad-Hoc|Any CPU.Build.0 = Release|Any CPU
		{B059BD20-E2F7-4AB9-AC7A-28222A2D4565}.Ad-Hoc|Any CPU.Deploy.0 = Release|Any CPU
		{B059BD20-E2F7-4AB9-AC7A-28222A2D4565}.Ad-Hoc|ARM.ActiveCfg = Release|Any CPU
		{B059BD20-E2F7-4AB9-AC7A-28222A2D4565}.Ad-Hoc|ARM.Build.0 = Release|Any CPU
		{B059BD20-E2F7-4AB9-AC7A-28222A2D4565}.Ad-Hoc|ARM.Deploy.0 = Release|Any CPU
		{B059BD20-E2F7-4AB9-AC7A-28222A2D4565}.Ad-Hoc|iPhone.ActiveCfg = Release|Any CPU
		{B059BD20-E2F7-4AB9-AC7A-28222A2D4565}.Ad-Hoc|iPhone.Build.0 = Release|Any CPU
		{B059BD20-E2F7-4AB9-AC7A-28222A2D4565}.Ad-Hoc|iPhone.Deploy.0 = Release|Any CPU
		{B059BD20-E2F7-4AB9-AC7A-28222A2D4565}.Ad-Hoc|iPhoneSimulator.ActiveCfg = Release|Any CPU
		{B059BD20-E2F7-4AB9-AC7A-28222A2D4565}.Ad-Hoc|iPhoneSimulator.Build.0 = Release|Any CPU
		{B059BD20-E2F7-4AB9-AC7A-28222A2D4565}.Ad-Hoc|iPhoneSimulator.Deploy.0 = Release|Any CPU
		{B059BD20-E2F7-4AB9-AC7A-28222A2D4565}.Ad-Hoc|Mixed Platforms.ActiveCfg = Release|Any CPU
		{B059BD20-E2F7-4AB9-AC7A-28222A2D4565}.Ad-Hoc|Mixed Platforms.Build.0 = Release|Any CPU
		{B059BD20-E2F7-4AB9-AC7A-28222A2D4565}.Ad-Hoc|Mixed Platforms.Deploy.0 = Release|Any CPU
		{B059BD20-E2F7-4AB9-AC7A-28222A2D4565}.Ad-Hoc|x64.ActiveCfg = Release|Any CPU
		{B059BD20-E2F7-4AB9-AC7A-28222A2D4565}.Ad-Hoc|x64.Build.0 = Release|Any CPU
		{B059BD20-E2F7-4AB9-AC7A-28222A2D4565}.Ad-Hoc|x64.Deploy.0 = Release|Any CPU
		{B059BD20-E2F7-4AB9-AC7A-28222A2D4565}.Ad-Hoc|x86.ActiveCfg = Release|Any CPU
		{B059BD20-E2F7-4AB9-AC7A-28222A2D4565}.Ad-Hoc|x86.Build.0 = Release|Any CPU
		{B059BD20-E2F7-4AB9-AC7A-28222A2D4565}.Ad-Hoc|x86.Deploy.0 = Release|Any CPU
		{B059BD20-E2F7-4AB9-AC7A-28222A2D4565}.AppStore|Any CPU.ActiveCfg = Release|Any CPU
		{B059BD20-E2F7-4AB9-AC7A-28222A2D4565}.AppStore|Any CPU.Build.0 = Release|Any CPU
		{B059BD20-E2F7-4AB9-AC7A-28222A2D4565}.AppStore|Any CPU.Deploy.0 = Release|Any CPU
		{B059BD20-E2F7-4AB9-AC7A-28222A2D4565}.AppStore|ARM.ActiveCfg = Release|Any CPU
		{B059BD20-E2F7-4AB9-AC7A-28222A2D4565}.AppStore|ARM.Build.0 = Release|Any CPU
		{B059BD20-E2F7-4AB9-AC7A-28222A2D4565}.AppStore|ARM.Deploy.0 = Release|Any CPU
		{B059BD20-E2F7-4AB9-AC7A-28222A2D4565}.AppStore|iPhone.ActiveCfg = Release|Any CPU
		{B059BD20-E2F7-4AB9-AC7A-28222A2D4565}.AppStore|iPhone.Build.0 = Release|Any CPU
		{B059BD20-E2F7-4AB9-AC7A-28222A2D4565}.AppStore|iPhone.Deploy.0 = Release|Any CPU
		{B059BD20-E2F7-4AB9-AC7A-28222A2D4565}.AppStore|iPhoneSimulator.ActiveCfg = Release|Any CPU
		{B059BD20-E2F7-4AB9-AC7A-28222A2D4565}.AppStore|iPhoneSimulator.Build.0 = Release|Any CPU
		{B059BD20-E2F7-4AB9-AC7A-28222A2D4565}.AppStore|iPhoneSimulator.Deploy.0 = Release|Any CPU
		{B059BD20-E2F7-4AB9-AC7A-28222A2D4565}.AppStore|Mixed Platforms.ActiveCfg = Release|Any CPU
		{B059BD20-E2F7-4AB9-AC7A-28222A2D4565}.AppStore|Mixed Platforms.Build.0 = Release|Any CPU
		{B059BD20-E2F7-4AB9-AC7A-28222A2D4565}.AppStore|Mixed Platforms.Deploy.0 = Release|Any CPU
		{B059BD20-E2F7-4AB9-AC7A-28222A2D4565}.AppStore|x64.ActiveCfg = Release|Any CPU
		{B059BD20-E2F7-4AB9-AC7A-28222A2D4565}.AppStore|x64.Build.0 = Release|Any CPU
		{B059BD20-E2F7-4AB9-AC7A-28222A2D4565}.AppStore|x64.Deploy.0 = Release|Any CPU
		{B059BD20-E2F7-4AB9-AC7A-28222A2D4565}.AppStore|x86.ActiveCfg = Release|Any CPU
		{B059BD20-E2F7-4AB9-AC7A-28222A2D4565}.AppStore|x86.Build.0 = Release|Any CPU
		{B059BD20-E2F7-4AB9-AC7A-28222A2D4565}.AppStore|x86.Deploy.0 = Release|Any CPU
		{B059BD20-E2F7-4AB9-AC7A-28222A2D4565}.Debug|Any CPU.ActiveCfg = Debug|Any CPU
		{B059BD20-E2F7-4AB9-AC7A-28222A2D4565}.Debug|Any CPU.Build.0 = Debug|Any CPU
		{B059BD20-E2F7-4AB9-AC7A-28222A2D4565}.Debug|Any CPU.Deploy.0 = Debug|Any CPU
		{B059BD20-E2F7-4AB9-AC7A-28222A2D4565}.Debug|ARM.ActiveCfg = Debug|Any CPU
		{B059BD20-E2F7-4AB9-AC7A-28222A2D4565}.Debug|ARM.Build.0 = Debug|Any CPU
		{B059BD20-E2F7-4AB9-AC7A-28222A2D4565}.Debug|ARM.Deploy.0 = Debug|Any CPU
		{B059BD20-E2F7-4AB9-AC7A-28222A2D4565}.Debug|iPhone.ActiveCfg = Debug|Any CPU
		{B059BD20-E2F7-4AB9-AC7A-28222A2D4565}.Debug|iPhone.Build.0 = Debug|Any CPU
		{B059BD20-E2F7-4AB9-AC7A-28222A2D4565}.Debug|iPhone.Deploy.0 = Debug|Any CPU
		{B059BD20-E2F7-4AB9-AC7A-28222A2D4565}.Debug|iPhoneSimulator.ActiveCfg = Debug|Any CPU
		{B059BD20-E2F7-4AB9-AC7A-28222A2D4565}.Debug|iPhoneSimulator.Build.0 = Debug|Any CPU
		{B059BD20-E2F7-4AB9-AC7A-28222A2D4565}.Debug|iPhoneSimulator.Deploy.0 = Debug|Any CPU
		{B059BD20-E2F7-4AB9-AC7A-28222A2D4565}.Debug|Mixed Platforms.ActiveCfg = Debug|Any CPU
		{B059BD20-E2F7-4AB9-AC7A-28222A2D4565}.Debug|Mixed Platforms.Build.0 = Debug|Any CPU
		{B059BD20-E2F7-4AB9-AC7A-28222A2D4565}.Debug|Mixed Platforms.Deploy.0 = Debug|Any CPU
		{B059BD20-E2F7-4AB9-AC7A-28222A2D4565}.Debug|x64.ActiveCfg = Debug|Any CPU
		{B059BD20-E2F7-4AB9-AC7A-28222A2D4565}.Debug|x64.Build.0 = Debug|Any CPU
		{B059BD20-E2F7-4AB9-AC7A-28222A2D4565}.Debug|x64.Deploy.0 = Debug|Any CPU
		{B059BD20-E2F7-4AB9-AC7A-28222A2D4565}.Debug|x86.ActiveCfg = Debug|Any CPU
		{B059BD20-E2F7-4AB9-AC7A-28222A2D4565}.Debug|x86.Build.0 = Debug|Any CPU
		{B059BD20-E2F7-4AB9-AC7A-28222A2D4565}.Debug|x86.Deploy.0 = Debug|Any CPU
		{B059BD20-E2F7-4AB9-AC7A-28222A2D4565}.Release|Any CPU.ActiveCfg = Release|Any CPU
		{B059BD20-E2F7-4AB9-AC7A-28222A2D4565}.Release|Any CPU.Build.0 = Release|Any CPU
		{B059BD20-E2F7-4AB9-AC7A-28222A2D4565}.Release|Any CPU.Deploy.0 = Release|Any CPU
		{B059BD20-E2F7-4AB9-AC7A-28222A2D4565}.Release|ARM.ActiveCfg = Release|Any CPU
		{B059BD20-E2F7-4AB9-AC7A-28222A2D4565}.Release|ARM.Build.0 = Release|Any CPU
		{B059BD20-E2F7-4AB9-AC7A-28222A2D4565}.Release|ARM.Deploy.0 = Release|Any CPU
		{B059BD20-E2F7-4AB9-AC7A-28222A2D4565}.Release|iPhone.ActiveCfg = Release|Any CPU
		{B059BD20-E2F7-4AB9-AC7A-28222A2D4565}.Release|iPhone.Build.0 = Release|Any CPU
		{B059BD20-E2F7-4AB9-AC7A-28222A2D4565}.Release|iPhone.Deploy.0 = Release|Any CPU
		{B059BD20-E2F7-4AB9-AC7A-28222A2D4565}.Release|iPhoneSimulator.ActiveCfg = Release|Any CPU
		{B059BD20-E2F7-4AB9-AC7A-28222A2D4565}.Release|iPhoneSimulator.Build.0 = Release|Any CPU
		{B059BD20-E2F7-4AB9-AC7A-28222A2D4565}.Release|iPhoneSimulator.Deploy.0 = Release|Any CPU
		{B059BD20-E2F7-4AB9-AC7A-28222A2D4565}.Release|Mixed Platforms.ActiveCfg = Release|Any CPU
		{B059BD20-E2F7-4AB9-AC7A-28222A2D4565}.Release|Mixed Platforms.Build.0 = Release|Any CPU
		{B059BD20-E2F7-4AB9-AC7A-28222A2D4565}.Release|Mixed Platforms.Deploy.0 = Release|Any CPU
		{B059BD20-E2F7-4AB9-AC7A-28222A2D4565}.Release|x64.ActiveCfg = Release|Any CPU
		{B059BD20-E2F7-4AB9-AC7A-28222A2D4565}.Release|x64.Build.0 = Release|Any CPU
		{B059BD20-E2F7-4AB9-AC7A-28222A2D4565}.Release|x64.Deploy.0 = Release|Any CPU
		{B059BD20-E2F7-4AB9-AC7A-28222A2D4565}.Release|x86.ActiveCfg = Release|Any CPU
		{B059BD20-E2F7-4AB9-AC7A-28222A2D4565}.Release|x86.Build.0 = Release|Any CPU
		{B059BD20-E2F7-4AB9-AC7A-28222A2D4565}.Release|x86.Deploy.0 = Release|Any CPU
		{FC72B115-540A-4A41-AE5B-7A895712FADC}.Ad-Hoc|Any CPU.ActiveCfg = Release|Any CPU
		{FC72B115-540A-4A41-AE5B-7A895712FADC}.Ad-Hoc|Any CPU.Build.0 = Release|Any CPU
		{FC72B115-540A-4A41-AE5B-7A895712FADC}.Ad-Hoc|ARM.ActiveCfg = Release|Any CPU
		{FC72B115-540A-4A41-AE5B-7A895712FADC}.Ad-Hoc|ARM.Build.0 = Release|Any CPU
		{FC72B115-540A-4A41-AE5B-7A895712FADC}.Ad-Hoc|iPhone.ActiveCfg = Release|Any CPU
		{FC72B115-540A-4A41-AE5B-7A895712FADC}.Ad-Hoc|iPhone.Build.0 = Release|Any CPU
		{FC72B115-540A-4A41-AE5B-7A895712FADC}.Ad-Hoc|iPhoneSimulator.ActiveCfg = Release|Any CPU
		{FC72B115-540A-4A41-AE5B-7A895712FADC}.Ad-Hoc|iPhoneSimulator.Build.0 = Release|Any CPU
		{FC72B115-540A-4A41-AE5B-7A895712FADC}.Ad-Hoc|Mixed Platforms.ActiveCfg = Release|Any CPU
		{FC72B115-540A-4A41-AE5B-7A895712FADC}.Ad-Hoc|Mixed Platforms.Build.0 = Release|Any CPU
		{FC72B115-540A-4A41-AE5B-7A895712FADC}.Ad-Hoc|x64.ActiveCfg = Release|Any CPU
		{FC72B115-540A-4A41-AE5B-7A895712FADC}.Ad-Hoc|x64.Build.0 = Release|Any CPU
		{FC72B115-540A-4A41-AE5B-7A895712FADC}.Ad-Hoc|x86.ActiveCfg = Release|Any CPU
		{FC72B115-540A-4A41-AE5B-7A895712FADC}.Ad-Hoc|x86.Build.0 = Release|Any CPU
		{FC72B115-540A-4A41-AE5B-7A895712FADC}.AppStore|Any CPU.ActiveCfg = Release|Any CPU
		{FC72B115-540A-4A41-AE5B-7A895712FADC}.AppStore|Any CPU.Build.0 = Release|Any CPU
		{FC72B115-540A-4A41-AE5B-7A895712FADC}.AppStore|ARM.ActiveCfg = Release|Any CPU
		{FC72B115-540A-4A41-AE5B-7A895712FADC}.AppStore|ARM.Build.0 = Release|Any CPU
		{FC72B115-540A-4A41-AE5B-7A895712FADC}.AppStore|iPhone.ActiveCfg = Release|Any CPU
		{FC72B115-540A-4A41-AE5B-7A895712FADC}.AppStore|iPhone.Build.0 = Release|Any CPU
		{FC72B115-540A-4A41-AE5B-7A895712FADC}.AppStore|iPhoneSimulator.ActiveCfg = Release|Any CPU
		{FC72B115-540A-4A41-AE5B-7A895712FADC}.AppStore|iPhoneSimulator.Build.0 = Release|Any CPU
		{FC72B115-540A-4A41-AE5B-7A895712FADC}.AppStore|Mixed Platforms.ActiveCfg = Release|Any CPU
		{FC72B115-540A-4A41-AE5B-7A895712FADC}.AppStore|Mixed Platforms.Build.0 = Release|Any CPU
		{FC72B115-540A-4A41-AE5B-7A895712FADC}.AppStore|x64.ActiveCfg = Release|Any CPU
		{FC72B115-540A-4A41-AE5B-7A895712FADC}.AppStore|x64.Build.0 = Release|Any CPU
		{FC72B115-540A-4A41-AE5B-7A895712FADC}.AppStore|x86.ActiveCfg = Release|Any CPU
		{FC72B115-540A-4A41-AE5B-7A895712FADC}.AppStore|x86.Build.0 = Release|Any CPU
		{FC72B115-540A-4A41-AE5B-7A895712FADC}.Debug|Any CPU.ActiveCfg = Debug|Any CPU
		{FC72B115-540A-4A41-AE5B-7A895712FADC}.Debug|Any CPU.Build.0 = Debug|Any CPU
		{FC72B115-540A-4A41-AE5B-7A895712FADC}.Debug|ARM.ActiveCfg = Debug|Any CPU
		{FC72B115-540A-4A41-AE5B-7A895712FADC}.Debug|ARM.Build.0 = Debug|Any CPU
		{FC72B115-540A-4A41-AE5B-7A895712FADC}.Debug|iPhone.ActiveCfg = Debug|Any CPU
		{FC72B115-540A-4A41-AE5B-7A895712FADC}.Debug|iPhone.Build.0 = Debug|Any CPU
		{FC72B115-540A-4A41-AE5B-7A895712FADC}.Debug|iPhoneSimulator.ActiveCfg = Debug|Any CPU
		{FC72B115-540A-4A41-AE5B-7A895712FADC}.Debug|iPhoneSimulator.Build.0 = Debug|Any CPU
		{FC72B115-540A-4A41-AE5B-7A895712FADC}.Debug|Mixed Platforms.ActiveCfg = Debug|Any CPU
		{FC72B115-540A-4A41-AE5B-7A895712FADC}.Debug|Mixed Platforms.Build.0 = Debug|Any CPU
		{FC72B115-540A-4A41-AE5B-7A895712FADC}.Debug|x64.ActiveCfg = Debug|Any CPU
		{FC72B115-540A-4A41-AE5B-7A895712FADC}.Debug|x64.Build.0 = Debug|Any CPU
		{FC72B115-540A-4A41-AE5B-7A895712FADC}.Debug|x86.ActiveCfg = Debug|Any CPU
		{FC72B115-540A-4A41-AE5B-7A895712FADC}.Debug|x86.Build.0 = Debug|Any CPU
		{FC72B115-540A-4A41-AE5B-7A895712FADC}.Release|Any CPU.ActiveCfg = Release|Any CPU
		{FC72B115-540A-4A41-AE5B-7A895712FADC}.Release|Any CPU.Build.0 = Release|Any CPU
		{FC72B115-540A-4A41-AE5B-7A895712FADC}.Release|ARM.ActiveCfg = Release|Any CPU
		{FC72B115-540A-4A41-AE5B-7A895712FADC}.Release|ARM.Build.0 = Release|Any CPU
		{FC72B115-540A-4A41-AE5B-7A895712FADC}.Release|iPhone.ActiveCfg = Release|Any CPU
		{FC72B115-540A-4A41-AE5B-7A895712FADC}.Release|iPhone.Build.0 = Release|Any CPU
		{FC72B115-540A-4A41-AE5B-7A895712FADC}.Release|iPhoneSimulator.ActiveCfg = Release|Any CPU
		{FC72B115-540A-4A41-AE5B-7A895712FADC}.Release|iPhoneSimulator.Build.0 = Release|Any CPU
		{FC72B115-540A-4A41-AE5B-7A895712FADC}.Release|Mixed Platforms.ActiveCfg = Release|Any CPU
		{FC72B115-540A-4A41-AE5B-7A895712FADC}.Release|Mixed Platforms.Build.0 = Release|Any CPU
		{FC72B115-540A-4A41-AE5B-7A895712FADC}.Release|x64.ActiveCfg = Release|Any CPU
		{FC72B115-540A-4A41-AE5B-7A895712FADC}.Release|x64.Build.0 = Release|Any CPU
		{FC72B115-540A-4A41-AE5B-7A895712FADC}.Release|x86.ActiveCfg = Release|Any CPU
		{FC72B115-540A-4A41-AE5B-7A895712FADC}.Release|x86.Build.0 = Release|Any CPU
	EndGlobalSection
	GlobalSection(SolutionProperties) = preSolution
		HideSolutionNode = FALSE
	EndGlobalSection
	GlobalSection(NestedProjects) = preSolution
		{44455B12-E32F-4367-84BC-F1D1A5677B97} = {8048C58C-EB2F-4BE2-BFD0-DE2DE04F710C}
		{B059BD20-E2F7-4AB9-AC7A-28222A2D4565} = {8048C58C-EB2F-4BE2-BFD0-DE2DE04F710C}
		{FC72B115-540A-4A41-AE5B-7A895712FADC} = {8048C58C-EB2F-4BE2-BFD0-DE2DE04F710C}
	EndGlobalSection
EndGlobal
